// !$*UTF8*$!
{
	archiveVersion = 1;
	classes = {
	};
	objectVersion = 46;
	objects = {

/* Begin PBXBuildFile section */
		D9F79A7E1D2267DC0066903F /* AppDelegate.swift in Sources */ = {isa = PBXBuildFile; fileRef = D9F79A7D1D2267DC0066903F /* AppDelegate.swift */; };
		D9F79A801D2267DC0066903F /* ViewController.swift in Sources */ = {isa = PBXBuildFile; fileRef = D9F79A7F1D2267DC0066903F /* ViewController.swift */; };
		D9F79A831D2267DC0066903F /* Main.storyboard in Resources */ = {isa = PBXBuildFile; fileRef = D9F79A811D2267DC0066903F /* Main.storyboard */; };
		D9F79A851D2267DC0066903F /* Assets.xcassets in Resources */ = {isa = PBXBuildFile; fileRef = D9F79A841D2267DC0066903F /* Assets.xcassets */; };
		D9F79A881D2267DC0066903F /* LaunchScreen.storyboard in Resources */ = {isa = PBXBuildFile; fileRef = D9F79A861D2267DC0066903F /* LaunchScreen.storyboard */; };
		D9F79A931D2267DC0066903F /* Test2016Tests.swift in Sources */ = {isa = PBXBuildFile; fileRef = D9F79A921D2267DC0066903F /* Test2016Tests.swift */; };
		D9F79A9E1D2267DC0066903F /* Test2016UITests.swift in Sources */ = {isa = PBXBuildFile; fileRef = D9F79A9D1D2267DC0066903F /* Test2016UITests.swift */; };
/* End PBXBuildFile section */

/* Begin PBXContainerItemProxy section */
		D9F79A8F1D2267DC0066903F /* PBXContainerItemProxy */ = {
			isa = PBXContainerItemProxy;
			containerPortal = D9F79A721D2267DC0066903F /* Project object */;
			proxyType = 1;
			remoteGlobalIDString = D9F79A791D2267DC0066903F;
			remoteInfo = Test2016;
		};
		D9F79A9A1D2267DC0066903F /* PBXContainerItemProxy */ = {
			isa = PBXContainerItemProxy;
			containerPortal = D9F79A721D2267DC0066903F /* Project object */;
			proxyType = 1;
			remoteGlobalIDString = D9F79A791D2267DC0066903F;
			remoteInfo = Test2016;
		};
/* End PBXContainerItemProxy section */

/* Begin PBXFileReference section */
		D9F79A7A1D2267DC0066903F /* Test2016.app */ = {isa = PBXFileReference; explicitFileType = wrapper.application; includeInIndex = 0; path = Test2016.app; sourceTree = BUILT_PRODUCTS_DIR; };
		D9F79A7D1D2267DC0066903F /* AppDelegate.swift */ = {isa = PBXFileReference; lastKnownFileType = sourcecode.swift; path = AppDelegate.swift; sourceTree = "<group>"; };
		D9F79A7F1D2267DC0066903F /* ViewController.swift */ = {isa = PBXFileReference; lastKnownFileType = sourcecode.swift; path = ViewController.swift; sourceTree = "<group>"; };
		D9F79A821D2267DC0066903F /* Base */ = {isa = PBXFileReference; lastKnownFileType = file.storyboard; name = Base; path = Base.lproj/Main.storyboard; sourceTree = "<group>"; };
		D9F79A841D2267DC0066903F /* Assets.xcassets */ = {isa = PBXFileReference; lastKnownFileType = folder.assetcatalog; path = Assets.xcassets; sourceTree = "<group>"; };
		D9F79A871D2267DC0066903F /* Base */ = {isa = PBXFileReference; lastKnownFileType = file.storyboard; name = Base; path = Base.lproj/LaunchScreen.storyboard; sourceTree = "<group>"; };
		D9F79A891D2267DC0066903F /* Info.plist */ = {isa = PBXFileReference; lastKnownFileType = text.plist.xml; path = Info.plist; sourceTree = "<group>"; };
		D9F79A8E1D2267DC0066903F /* Test2016Tests.xctest */ = {isa = PBXFileReference; explicitFileType = wrapper.cfbundle; includeInIndex = 0; path = Test2016Tests.xctest; sourceTree = BUILT_PRODUCTS_DIR; };
		D9F79A921D2267DC0066903F /* Test2016Tests.swift */ = {isa = PBXFileReference; lastKnownFileType = sourcecode.swift; path = Test2016Tests.swift; sourceTree = "<group>"; };
		D9F79A941D2267DC0066903F /* Info.plist */ = {isa = PBXFileReference; lastKnownFileType = text.plist.xml; path = Info.plist; sourceTree = "<group>"; };
		D9F79A991D2267DC0066903F /* Test2016UITests.xctest */ = {isa = PBXFileReference; explicitFileType = wrapper.cfbundle; includeInIndex = 0; path = Test2016UITests.xctest; sourceTree = BUILT_PRODUCTS_DIR; };
		D9F79A9D1D2267DC0066903F /* Test2016UITests.swift */ = {isa = PBXFileReference; lastKnownFileType = sourcecode.swift; path = Test2016UITests.swift; sourceTree = "<group>"; };
		D9F79A9F1D2267DC0066903F /* Info.plist */ = {isa = PBXFileReference; lastKnownFileType = text.plist.xml; path = Info.plist; sourceTree = "<group>"; };
/* End PBXFileReference section */

/* Begin PBXFrameworksBuildPhase section */
		D9F79A771D2267DC0066903F /* Frameworks */ = {
			isa = PBXFrameworksBuildPhase;
			buildActionMask = 2147483647;
			files = (
			);
			runOnlyForDeploymentPostprocessing = 0;
		};
		D9F79A8B1D2267DC0066903F /* Frameworks */ = {
			isa = PBXFrameworksBuildPhase;
			buildActionMask = 2147483647;
			files = (
			);
			runOnlyForDeploymentPostprocessing = 0;
		};
		D9F79A961D2267DC0066903F /* Frameworks */ = {
			isa = PBXFrameworksBuildPhase;
			buildActionMask = 2147483647;
			files = (
			);
			runOnlyForDeploymentPostprocessing = 0;
		};
/* End PBXFrameworksBuildPhase section */

/* Begin PBXGroup section */
		D9F79A711D2267DC0066903F = {
			isa = PBXGroup;
			children = (
				D9F79A7C1D2267DC0066903F /* Test2016 */,
				D9F79A911D2267DC0066903F /* Test2016Tests */,
				D9F79A9C1D2267DC0066903F /* Test2016UITests */,
				D9F79A7B1D2267DC0066903F /* Products */,
			);
			sourceTree = "<group>";
		};
		D9F79A7B1D2267DC0066903F /* Products */ = {
			isa = PBXGroup;
			children = (
				D9F79A7A1D2267DC0066903F /* Test2016.app */,
				D9F79A8E1D2267DC0066903F /* Test2016Tests.xctest */,
				D9F79A991D2267DC0066903F /* Test2016UITests.xctest */,
			);
			name = Products;
			sourceTree = "<group>";
		};
		D9F79A7C1D2267DC0066903F /* Test2016 */ = {
			isa = PBXGroup;
			children = (
				D9F79A7D1D2267DC0066903F /* AppDelegate.swift */,
				D9F79A7F1D2267DC0066903F /* ViewController.swift */,
				D9F79A811D2267DC0066903F /* Main.storyboard */,
				D9F79A841D2267DC0066903F /* Assets.xcassets */,
				D9F79A861D2267DC0066903F /* LaunchScreen.storyboard */,
				D9F79A891D2267DC0066903F /* Info.plist */,
			);
			path = Test2016;
			sourceTree = "<group>";
		};
		D9F79A911D2267DC0066903F /* Test2016Tests */ = {
			isa = PBXGroup;
			children = (
				D9F79A921D2267DC0066903F /* Test2016Tests.swift */,
				D9F79A941D2267DC0066903F /* Info.plist */,
			);
			path = Test2016Tests;
			sourceTree = "<group>";
		};
		D9F79A9C1D2267DC0066903F /* Test2016UITests */ = {
			isa = PBXGroup;
			children = (
				D9F79A9D1D2267DC0066903F /* Test2016UITests.swift */,
				D9F79A9F1D2267DC0066903F /* Info.plist */,
			);
			path = Test2016UITests;
			sourceTree = "<group>";
		};
/* End PBXGroup section */

/* Begin PBXNativeTarget section */
		D9F79A791D2267DC0066903F /* Test2016 */ = {
			isa = PBXNativeTarget;
			buildConfigurationList = D9F79AA21D2267DC0066903F /* Build configuration list for PBXNativeTarget "Test2016" */;
			buildPhases = (
				D9F79A761D2267DC0066903F /* Sources */,
				D9F79A771D2267DC0066903F /* Frameworks */,
				D9F79A781D2267DC0066903F /* Resources */,
			);
			buildRules = (
			);
			dependencies = (
			);
			name = Test2016;
			productName = Test2016;
			productReference = D9F79A7A1D2267DC0066903F /* Test2016.app */;
			productType = "com.apple.product-type.application";
		};
		D9F79A8D1D2267DC0066903F /* Test2016Tests */ = {
			isa = PBXNativeTarget;
			buildConfigurationList = D9F79AA51D2267DC0066903F /* Build configuration list for PBXNativeTarget "Test2016Tests" */;
			buildPhases = (
				D9F79A8A1D2267DC0066903F /* Sources */,
				D9F79A8B1D2267DC0066903F /* Frameworks */,
				D9F79A8C1D2267DC0066903F /* Resources */,
			);
			buildRules = (
			);
			dependencies = (
				D9F79A901D2267DC0066903F /* PBXTargetDependency */,
			);
			name = Test2016Tests;
			productName = Test2016Tests;
			productReference = D9F79A8E1D2267DC0066903F /* Test2016Tests.xctest */;
			productType = "com.apple.product-type.bundle.unit-test";
		};
		D9F79A981D2267DC0066903F /* Test2016UITests */ = {
			isa = PBXNativeTarget;
			buildConfigurationList = D9F79AA81D2267DC0066903F /* Build configuration list for PBXNativeTarget "Test2016UITests" */;
			buildPhases = (
				D9F79A951D2267DC0066903F /* Sources */,
				D9F79A961D2267DC0066903F /* Frameworks */,
				D9F79A971D2267DC0066903F /* Resources */,
			);
			buildRules = (
			);
			dependencies = (
				D9F79A9B1D2267DC0066903F /* PBXTargetDependency */,
			);
			name = Test2016UITests;
			productName = Test2016UITests;
			productReference = D9F79A991D2267DC0066903F /* Test2016UITests.xctest */;
			productType = "com.apple.product-type.bundle.ui-testing";
		};
/* End PBXNativeTarget section */

/* Begin PBXProject section */
		D9F79A721D2267DC0066903F /* Project object */ = {
			isa = PBXProject;
			attributes = {
				LastUpgradeCheck = 0700;
				ORGANIZATIONNAME = Asgar;
				TargetAttributes = {
					D9F79A791D2267DC0066903F = {
						CreatedOnToolsVersion = 7.0.1;
					};
					D9F79A8D1D2267DC0066903F = {
						CreatedOnToolsVersion = 7.0.1;
						TestTargetID = D9F79A791D2267DC0066903F;
					};
					D9F79A981D2267DC0066903F = {
						CreatedOnToolsVersion = 7.0.1;
						TestTargetID = D9F79A791D2267DC0066903F;
					};
				};
			};
			buildConfigurationList = D9F79A751D2267DC0066903F /* Build configuration list for PBXProject "Test2016" */;
			compatibilityVersion = "Xcode 3.2";
			developmentRegion = English;
			hasScannedForEncodings = 0;
			knownRegions = (
				en,
				Base,
			);
			mainGroup = D9F79A711D2267DC0066903F;
			productRefGroup = D9F79A7B1D2267DC0066903F /* Products */;
			projectDirPath = "";
			projectRoot = "";
			targets = (
				D9F79A791D2267DC0066903F /* Test2016 */,
				D9F79A8D1D2267DC0066903F /* Test2016Tests */,
				D9F79A981D2267DC0066903F /* Test2016UITests */,
			);
		};
/* End PBXProject section */

/* Begin PBXResourcesBuildPhase section */
		D9F79A781D2267DC0066903F /* Resources */ = {
			isa = PBXResourcesBuildPhase;
			buildActionMask = 2147483647;
			files = (
				D9F79A881D2267DC0066903F /* LaunchScreen.storyboard in Resources */,
				D9F79A851D2267DC0066903F /* Assets.xcassets in Resources */,
				D9F79A831D2267DC0066903F /* Main.storyboard in Resources */,
			);
			runOnlyForDeploymentPostprocessing = 0;
		};
		D9F79A8C1D2267DC0066903F /* Resources */ = {
			isa = PBXResourcesBuildPhase;
			buildActionMask = 2147483647;
			files = (
			);
			runOnlyForDeploymentPostprocessing = 0;
		};
		D9F79A971D2267DC0066903F /* Resources */ = {
			isa = PBXResourcesBuildPhase;
			buildActionMask = 2147483647;
			files = (
			);
			runOnlyForDeploymentPostprocessing = 0;
		};
/* End PBXResourcesBuildPhase section */

/* Begin PBXSourcesBuildPhase section */
		D9F79A761D2267DC0066903F /* Sources */ = {
			isa = PBXSourcesBuildPhase;
			buildActionMask = 2147483647;
			files = (
				D9F79A801D2267DC0066903F /* ViewController.swift in Sources */,
				D9F79A7E1D2267DC0066903F /* AppDelegate.swift in Sources */,
			);
			runOnlyForDeploymentPostprocessing = 0;
		};
		D9F79A8A1D2267DC0066903F /* Sources */ = {
			isa = PBXSourcesBuildPhase;
			buildActionMask = 2147483647;
			files = (
				D9F79A931D2267DC0066903F /* Test2016Tests.swift in Sources */,
			);
			runOnlyForDeploymentPostprocessing = 0;
		};
		D9F79A951D2267DC0066903F /* Sources */ = {
			isa = PBXSourcesBuildPhase;
			buildActionMask = 2147483647;
			files = (
				D9F79A9E1D2267DC0066903F /* Test2016UITests.swift in Sources */,
			);
			runOnlyForDeploymentPostprocessing = 0;
		};
/* End PBXSourcesBuildPhase section */

/* Begin PBXTargetDependency section */
		D9F79A901D2267DC0066903F /* PBXTargetDependency */ = {
			isa = PBXTargetDependency;
			target = D9F79A791D2267DC0066903F /* Test2016 */;
			targetProxy = D9F79A8F1D2267DC0066903F /* PBXContainerItemProxy */;
		};
		D9F79A9B1D2267DC0066903F /* PBXTargetDependency */ = {
			isa = PBXTargetDependency;
			target = D9F79A791D2267DC0066903F /* Test2016 */;
			targetProxy = D9F79A9A1D2267DC0066903F /* PBXContainerItemProxy */;
		};
/* End PBXTargetDependency section */

/* Begin PBXVariantGroup section */
		D9F79A811D2267DC0066903F /* Main.storyboard */ = {
			isa = PBXVariantGroup;
			children = (
				D9F79A821D2267DC0066903F /* Base */,
			);
			name = Main.storyboard;
			sourceTree = "<group>";
		};
		D9F79A861D2267DC0066903F /* LaunchScreen.storyboard */ = {
			isa = PBXVariantGroup;
			children = (
				D9F79A871D2267DC0066903F /* Base */,
			);
			name = LaunchScreen.storyboard;
			sourceTree = "<group>";
		};
/* End PBXVariantGroup section */

/* Begin XCBuildConfiguration section */
		D9F79AA01D2267DC0066903F /* Debug */ = {
			isa = XCBuildConfiguration;
			buildSettings = {
				ALWAYS_SEARCH_USER_PATHS = NO;
				CLANG_CXX_LANGUAGE_STANDARD = "gnu++0x";
				CLANG_CXX_LIBRARY = "libc++";
				CLANG_ENABLE_MODULES = YES;
				CLANG_ENABLE_OBJC_ARC = YES;
				CLANG_WARN_BOOL_CONVERSION = YES;
				CLANG_WARN_CONSTANT_CONVERSION = YES;
				CLANG_WARN_DIRECT_OBJC_ISA_USAGE = YES_ERROR;
				CLANG_WARN_EMPTY_BODY = YES;
				CLANG_WARN_ENUM_CONVERSION = YES;
				CLANG_WARN_INT_CONVERSION = YES;
				CLANG_WARN_OBJC_ROOT_CLASS = YES_ERROR;
				CLANG_WARN_UNREACHABLE_CODE = YES;
				CLANG_WARN__DUPLICATE_METHOD_MATCH = YES;
				"CODE_SIGN_IDENTITY[sdk=iphoneos*]" = "iPhone Developer";
				COPY_PHASE_STRIP = NO;
				DEBUG_INFORMATION_FORMAT = dwarf;
				ENABLE_STRICT_OBJC_MSGSEND = YES;
				ENABLE_TESTABILITY = YES;
				GCC_C_LANGUAGE_STANDARD = gnu99;
				GCC_DYNAMIC_NO_PIC = NO;
				GCC_NO_COMMON_BLOCKS = YES;
				GCC_OPTIMIZATION_LEVEL = 0;
				GCC_PREPROCESSOR_DEFINITIONS = (
					"DEBUG=1",
					"$(inherited)",
				);
				GCC_WARN_64_TO_32_BIT_CONVERSION = YES;
				GCC_WARN_ABOUT_RETURN_TYPE = YES_ERROR;
				GCC_WARN_UNDECLARED_SELECTOR = YES;
				GCC_WARN_UNINITIALIZED_AUTOS = YES_AGGRESSIVE;
				GCC_WARN_UNUSED_FUNCTION = YES;
				GCC_WARN_UNUSED_VARIABLE = YES;
				IPHONEOS_DEPLOYMENT_TARGET = 9.0;
				MTL_ENABLE_DEBUG_INFO = YES;
				ONLY_ACTIVE_ARCH = YES;
				SDKROOT = iphoneos;
				SWIFT_OPTIMIZATION_LEVEL = "-Onone";
				TARGETED_DEVICE_FAMILY = 2;
			};
			name = Debug;
		};
		D9F79AA11D2267DC0066903F /* Release */ = {
			isa = XCBuildConfiguration;
			buildSettings = {
				ALWAYS_SEARCH_USER_PATHS = NO;
				CLANG_CXX_LANGUAGE_STANDARD = "gnu++0x";
				CLANG_CXX_LIBRARY = "libc++";
				CLANG_ENABLE_MODULES = YES;
				CLANG_ENABLE_OBJC_ARC = YES;
				CLANG_WARN_BOOL_CONVERSION = YES;
				CLANG_WARN_CONSTANT_CONVERSION = YES;
				CLANG_WARN_DIRECT_OBJC_ISA_USAGE = YES_ERROR;
				CLANG_WARN_EMPTY_BODY = YES;
				CLANG_WARN_ENUM_CONVERSION = YES;
				CLANG_WARN_INT_CONVERSION = YES;
				CLANG_WARN_OBJC_ROOT_CLASS = YES_ERROR;
				CLANG_WARN_UNREACHABLE_CODE = YES;
				CLANG_WARN__DUPLICATE_METHOD_MATCH = YES;
				"CODE_SIGN_IDENTITY[sdk=iphoneos*]" = "iPhone Developer";
				COPY_PHASE_STRIP = NO;
				DEBUG_INFORMATION_FORMAT = "dwarf-with-dsym";
				ENABLE_NS_ASSERTIONS = NO;
				ENABLE_STRICT_OBJC_MSGSEND = YES;
				GCC_C_LANGUAGE_STANDARD = gnu99;
				GCC_NO_COMMON_BLOCKS = YES;
				GCC_WARN_64_TO_32_BIT_CONVERSION = YES;
				GCC_WARN_ABOUT_RETURN_TYPE = YES_ERROR;
				GCC_WARN_UNDECLARED_SELECTOR = YES;
				GCC_WARN_UNINITIALIZED_AUTOS = YES_AGGRESSIVE;
				GCC_WARN_UNUSED_FUNCTION = YES;
				GCC_WARN_UNUSED_VARIABLE = YES;
				IPHONEOS_DEPLOYMENT_TARGET = 9.0;
				MTL_ENABLE_DEBUG_INFO = NO;
				SDKROOT = iphoneos;
				TARGETED_DEVICE_FAMILY = 2;
				VALIDATE_PRODUCT = YES;
			};
			name = Release;
		};
		D9F79AA31D2267DC0066903F /* Debug */ = {
			isa = XCBuildConfiguration;
			buildSettings = {
				ASSETCATALOG_COMPILER_APPICON_NAME = AppIcon;
				INFOPLIST_FILE = Test2016/Info.plist;
				LD_RUNPATH_SEARCH_PATHS = "$(inherited) @executable_path/Frameworks";
				PRODUCT_BUNDLE_IDENTIFIER = com.sgarrincia.Test2016;
				PRODUCT_NAME = "$(TARGET_NAME)";
			};
			name = Debug;
		};
		D9F79AA41D2267DC0066903F /* Release */ = {
			isa = XCBuildConfiguration;
			buildSettings = {
				ASSETCATALOG_COMPILER_APPICON_NAME = AppIcon;
				INFOPLIST_FILE = Test2016/Info.plist;
				LD_RUNPATH_SEARCH_PATHS = "$(inherited) @executable_path/Frameworks";
				PRODUCT_BUNDLE_IDENTIFIER = com.sgarrincia.Test2016;
				PRODUCT_NAME = "$(TARGET_NAME)";
			};
			name = Release;
		};
		D9F79AA61D2267DC0066903F /* Debug */ = {
			isa = XCBuildConfiguration;
			buildSettings = {
				BUNDLE_LOADER = "$(TEST_HOST)";
				INFOPLIST_FILE = Test2016Tests/Info.plist;
				LD_RUNPATH_SEARCH_PATHS = "$(inherited) @executable_path/Frameworks @loader_path/Frameworks";
				PRODUCT_BUNDLE_IDENTIFIER = com.sgarrincia.Test2016Tests;
				PRODUCT_NAME = "$(TARGET_NAME)";
				TEST_HOST = "$(BUILT_PRODUCTS_DIR)/Test2016.app/Test2016";
			};
			name = Debug;
		};
		D9F79AA71D2267DC0066903F /* Release */ = {
			isa = XCBuildConfiguration;
			buildSettings = {
				BUNDLE_LOADER = "$(TEST_HOST)";
				INFOPLIST_FILE = Test2016Tests/Info.plist;
				LD_RUNPATH_SEARCH_PATHS = "$(inherited) @executable_path/Frameworks @loader_path/Frameworks";
				PRODUCT_BUNDLE_IDENTIFIER = com.sgarrincia.Test2016Tests;
				PRODUCT_NAME = "$(TARGET_NAME)";
				TEST_HOST = "$(BUILT_PRODUCTS_DIR)/Test2016.app/Test2016";
			};
			name = Release;
		};
		D9F79AA91D2267DC0066903F /* Debug */ = {
			isa = XCBuildConfiguration;
			buildSettings = {
				INFOPLIST_FILE = Test2016UITests/Info.plist;
				LD_RUNPATH_SEARCH_PATHS = "$(inherited) @executable_path/Frameworks @loader_path/Frameworks";
				PRODUCT_BUNDLE_IDENTIFIER = com.sgarrincia.Test2016UITests;
				PRODUCT_NAME = "$(TARGET_NAME)";
				TEST_TARGET_NAME = Test2016;
				USES_XCTRUNNER = YES;
			};
			name = Debug;
		};
		D9F79AAA1D2267DC0066903F /* Release */ = {
			isa = XCBuildConfiguration;
			buildSettings = {
				INFOPLIST_FILE = Test2016UITests/Info.plist;
				LD_RUNPATH_SEARCH_PATHS = "$(inherited) @executable_path/Frameworks @loader_path/Frameworks";
				PRODUCT_BUNDLE_IDENTIFIER = com.sgarrincia.Test2016UITests;
				PRODUCT_NAME = "$(TARGET_NAME)";
				TEST_TARGET_NAME = Test2016;
				USES_XCTRUNNER = YES;
			};
			name = Release;
		};
/* End XCBuildConfiguration section */

/* Begin XCConfigurationList section */
		D9F79A751D2267DC0066903F /* Build configuration list for PBXProject "Test2016" */ = {
			isa = XCConfigurationList;
			buildConfigurations = (
				D9F79AA01D2267DC0066903F /* Debug */,
				D9F79AA11D2267DC0066903F /* Release */,
			);
			defaultConfigurationIsVisible = 0;
			defaultConfigurationName = Release;
		};
		D9F79AA21D2267DC0066903F /* Build configuration list for PBXNativeTarget "Test2016" */ = {
			isa = XCConfigurationList;
			buildConfigurations = (
				D9F79AA31D2267DC0066903F /* Debug */,
				D9F79AA41D2267DC0066903F /* Release */,
			);
			defaultConfigurationIsVisible = 0;
		};
		D9F79AA51D2267DC0066903F /* Build configuration list for PBXNativeTarget "Test2016Tests" */ = {
			isa = XCConfigurationList;
			buildConfigurations = (
				D9F79AA61D2267DC0066903F /* Debug */,
				D9F79AA71D2267DC0066903F /* Release */,
			);
			defaultConfigurationIsVisible = 0;
		};
		D9F79AA81D2267DC0066903F /* Build configuration list for PBXNativeTarget "Test2016UITests" */ = {
			isa = XCConfigurationList;
			buildConfigurations = (
				D9F79AA91D2267DC0066903F /* Debug */,
				D9F79AAA1D2267DC0066903F /* Release */,
			);
			defaultConfigurationIsVisible = 0;
		};
/* End XCConfigurationList section */
	};
	rootObject = D9F79A721D2267DC0066903F /* Project object */;
}
